{
  "name": "OptimaRestaurant",
  "lockfileVersion": 3,
  "requires": true,
  "packages": {
    "": {
      "dependencies": {
        "@geoapify/geocoder-autocomplete": "^2.0.1",
        "bootswatch": "^5.3.2",
        "ngx-bootstrap": "^12.0.0"
      },
      "devDependencies": {
      }
    },
    "node_modules/@angular/animations": {
      "version": "17.0.7",
      "resolved": "https://registry.npmjs.org/@angular/animations/-/animations-17.0.7.tgz",
      "integrity": "sha512-IjZjPGMxvi2a9o7fzjwNO44FvhTZlVSgcPtqM6Glq0+WVeQcnZxf1Onj68M/FGx2AunS8elRbrgPxTexVeSo7A==",
      "peer": true,
      "dependencies": {
        "tslib": "^2.3.0"
      },
      "engines": {
        "node": "^18.13.0 || >=20.9.0"
      },
      "peerDependencies": {
        "@angular/core": "17.0.7"
      }
    },
    "node_modules/@angular/common": {
      "version": "17.0.7",
      "resolved": "https://registry.npmjs.org/@angular/common/-/common-17.0.7.tgz",
      "integrity": "sha512-bPPL6x0KOAOTxKSE2j4EWmEUOnqZYzOYiHzroa5b9UEyA9NvGkd9bm3zIxw8xcndRj1Ehcmvpi6KBLcYBBbWfg==",
      "peer": true,
      "dependencies": {
        "tslib": "^2.3.0"
      },
      "engines": {
        "node": "^18.13.0 || >=20.9.0"
      },
      "peerDependencies": {
        "@angular/core": "17.0.7",
        "rxjs": "^6.5.3 || ^7.4.0"
      }
    },
    "node_modules/@angular/core": {
      "version": "17.0.7",
      "resolved": "https://registry.npmjs.org/@angular/core/-/core-17.0.7.tgz",
      "integrity": "sha512-mEkelXkzEi6+A9GjdKOSGGzQAfo1iAjVTn6YsplNUeGE5JgDZYZ7sXGQqs0Lin7dzJxnPAgGjCOl7SpWLXIPSQ==",
      "peer": true,
      "dependencies": {
        "tslib": "^2.3.0"
      },
      "engines": {
        "node": "^18.13.0 || >=20.9.0"
      },
      "peerDependencies": {
        "rxjs": "^6.5.3 || ^7.4.0",
        "zone.js": "~0.14.0"
      }
    },
    "node_modules/@angular/forms": {
      "version": "17.0.7",
      "resolved": "https://registry.npmjs.org/@angular/forms/-/forms-17.0.7.tgz",
      "integrity": "sha512-28BxRxEmgZIofGwVp6s2v3ri/kuWW+/EY/ZXhavlWKJEh4ATJl72k0RkRWNcQi4wnvn0Qb8tFdnVJnvRZvvKEw==",
      "peer": true,
      "dependencies": {
        "tslib": "^2.3.0"
      },
      "engines": {
        "node": "^18.13.0 || >=20.9.0"
      },
      "peerDependencies": {
        "@angular/common": "17.0.7",
        "@angular/core": "17.0.7",
        "@angular/platform-browser": "17.0.7",
        "rxjs": "^6.5.3 || ^7.4.0"
      }
    },
    "node_modules/@angular/platform-browser": {
      "version": "17.0.7",
      "resolved": "https://registry.npmjs.org/@angular/platform-browser/-/platform-browser-17.0.7.tgz",
      "integrity": "sha512-bm9/wt51nc/MPjft/FlRNIgFSeLjDtfJOT7M32Rt6kOHhNKSK7ZTPWdMe9ahuHSbAhLzd0G/4NsT5sKrWSeVZg==",
      "peer": true,
      "dependencies": {
        "tslib": "^2.3.0"
      },
      "engines": {
        "node": "^18.13.0 || >=20.9.0"
      },
      "peerDependencies": {
        "@angular/animations": "17.0.7",
        "@angular/common": "17.0.7",
        "@angular/core": "17.0.7"
      },
      "peerDependenciesMeta": {
        "@angular/animations": {
          "optional": true
        }
      }
    },
    "node_modules/@geoapify/geocoder-autocomplete": {
      "version": "2.0.1",
      "resolved": "https://registry.npmjs.org/@geoapify/geocoder-autocomplete/-/geocoder-autocomplete-2.0.1.tgz",
      "integrity": "sha512-uylT+V33dcYsCdTfmzx6kH6wgQLaGWeGYY4S1ko54W6wTYfua2VfMV6rOvaxqYg3J8WFCtWoUozWG8Xm3p3h+w=="
    },
    "node_modules/@types/geojson": {
      "version": "7946.0.13",
      "resolved": "https://registry.npmjs.org/@types/geojson/-/geojson-7946.0.13.tgz",
      "integrity": "sha512-bmrNrgKMOhM3WsafmbGmC+6dsF2Z308vLFsQ3a/bT8X8Sv5clVYpPars/UPq+sAaJP+5OoLAYgwbkS5QEJdLUQ==",
      "dev": true
    },
    "node_modules/@types/leaflet": {
      "version": "1.9.8",
      "resolved": "https://registry.npmjs.org/@types/leaflet/-/leaflet-1.9.8.tgz",
      "integrity": "sha512-EXdsL4EhoUtGm2GC2ZYtXn+Fzc6pluVgagvo2VC1RHWToLGlTRwVYoDpqS/7QXa01rmDyBjJk3Catpf60VMkwg==",
      "dev": true,
      "dependencies": {
        "@types/geojson": "*"
      }
    },
    "node_modules/bootswatch": {
      "version": "5.3.2",
      "resolved": "https://registry.npmjs.org/bootswatch/-/bootswatch-5.3.2.tgz",
      "integrity": "sha512-r05xOSLSx7MJvjpk/uoU8wPYgkPHWLV+uenLaRsS7yBsqSUcWYPjeUkz+tmrRv6s1eFxkF08NvQfBSSPCTyYaA=="
    },
    "node_modules/leaflet": {
      "version": "1.9.4",
      "resolved": "https://registry.npmjs.org/leaflet/-/leaflet-1.9.4.tgz",
      "integrity": "sha512-nxS1ynzJOmOlHp+iL3FyWqK89GtNL8U8rvlMOsQdTTssxZwCXh8N2NB3GDQOL+YR3XnWyZAxwQixURb+FA74PA=="
    },
    "node_modules/ngx-bootstrap": {
      "version": "12.0.0",
      "resolved": "https://registry.npmjs.org/ngx-bootstrap/-/ngx-bootstrap-12.0.0.tgz",
      "integrity": "sha512-6/Hs+FT6peMc+Y2uiOm3IawG06Jh3gLQwwKRBF0U1OMlRbpx4KIyHS9GpZtMevtZaBsCRNfHKiSxwsnvn9wx0Q==",
      "dependencies": {
        "tslib": "^2.3.0"
      },
      "peerDependencies": {
        "@angular/animations": "^17.0.0",
        "@angular/common": "^17.0.0",
        "@angular/core": "^17.0.0",
        "@angular/forms": "^17.0.0",
        "rxjs": "^6.5.3 || ^7.4.0"
      }
    },
    "node_modules/rxjs": {
      "version": "7.8.1",
      "resolved": "https://registry.npmjs.org/rxjs/-/rxjs-7.8.1.tgz",
      "integrity": "sha512-AA3TVj+0A2iuIoQkWEK/tqFjBq2j+6PO6Y0zJcvzLAFhEFIO3HL0vls9hWLncZbAAbK0mar7oZ4V079I/qPMxg==",
      "peer": true,
      "dependencies": {
        "tslib": "^2.1.0"
      }
    },
    "node_modules/tslib": {
      "version": "2.6.2",
      "resolved": "https://registry.npmjs.org/tslib/-/tslib-2.6.2.tgz",
      "integrity": "sha512-AEYxH93jGFPn/a2iVAwW87VuUIkR1FVUKB77NwMF7nBTDkDrrT/Hpt/IrCJ0QXhW27jTBDcf5ZY7w6RiqTMw2Q=="
    },
    "node_modules/zone.js": {
      "version": "0.14.2",
      "resolved": "https://registry.npmjs.org/zone.js/-/zone.js-0.14.2.tgz",
      "integrity": "sha512-X4U7J1isDhoOmHmFWiLhloWc2lzMkdnumtfQ1LXzf/IOZp5NQYuMUTaviVzG/q1ugMBIXzin2AqeVJUoSEkNyQ==",
      "peer": true,
      "dependencies": {
        "tslib": "^2.3.0"
      }
    }
  }
}
